github.com/google/uuid v1.6.0 h1:NIvaJDMOsjHA8n1jAhLSgzrAzy1Hgr+hNrb57e+94F0=
github.com/google/uuid v1.6.0/go.mod h1:TIyPZe4MgqvfeYDBFedMoGGpEw/LqOeaOT+nhxU+yHo=
go.innotegrity.dev/xerrors v0.3.4 h1:afprTlpDN98PNCqJ4wR1kcVI29kITY5HK466kI+0K8w=
go.innotegrity.dev/xerrors v0.3.4/go.mod h1:F62YyLkN6wXfmxYAv9xVPYtn6w55dJtHFCKcRdQhRY8=
